
Microsoft Visual Studio Solution File, Format Version 12.00
# Visual Studio Version 17
VisualStudioVersion = 17.8.34316.72
MinimumVisualStudioVersion = 10.0.40219.1
Project("{9A19103F-16F7-4668-BE54-9A1E7A4F7556}") = "ExtendedMauiMaps", "ExtendedMauiMaps\ExtendedMauiMaps.csproj", "{75F8EDD1-2E3A-4CBA-9C70-ABACC13EC094}"
EndProject
Project("{9A19103F-16F7-4668-BE54-9A1E7A4F7556}") = "ExtendedMauiMapsControl", "ExtendedMauiMapsControl\ExtendedMauiMapsControl.csproj", "{0581591F-7D7A-4749-A28D-5C0847B2B4C4}"
EndProject
Global
	GlobalSection(SolutionConfigurationPlatforms) = preSolution
		Debug|Any CPU = Debug|Any CPU
		Release|Any CPU = Release|Any CPU
	EndGlobalSection
	GlobalSection(ProjectConfigurationPlatforms) = postSolution
		{75F8EDD1-2E3A-4CBA-9C70-ABACC13EC094}.Debug|Any CPU.ActiveCfg = Debug|Any CPU
		{75F8EDD1-2E3A-4CBA-9C70-ABACC13EC094}.Debug|Any CPU.Build.0 = Debug|Any CPU
		{75F8EDD1-2E3A-4CBA-9C70-ABACC13EC094}.Release|Any CPU.ActiveCfg = Release|Any CPU
		{75F8EDD1-2E3A-4CBA-9C70-ABACC13EC094}.Release|Any CPU.Build.0 = Release|Any CPU
		{0581591F-7D7A-4749-A28D-5C0847B2B4C4}.Debug|Any CPU.ActiveCfg = Debug|Any CPU
		{0581591F-7D7A-4749-A28D-5C0847B2B4C4}.Debug|Any CPU.Build.0 = Debug|Any CPU
		{0581591F-7D7A-4749-A28D-5C0847B2B4C4}.Release|Any CPU.ActiveCfg = Release|Any CPU
		{0581591F-7D7A-4749-A28D-5C0847B2B4C4}.Release|Any CPU.Build.0 = Release|Any CPU
	EndGlobalSection
	GlobalSection(SolutionProperties) = preSolution
		HideSolutionNode = FALSE
	EndGlobalSection
	GlobalSection(ExtensibilityGlobals) = postSolution
		SolutionGuid = {3168DBBC-E763-481B-9B2C-85F19E73BF05}
	EndGlobalSection
EndGlobal
